// !$*UTF8*$!
{
	archiveVersion = 1;
	classes = {
	};
	objectVersion = 50;
	objects = {

/* Begin PBXBuildFile section */
		5254A0722656DF3F00004A1C /* SnackTableViewCell.swift in Sources */ = {isa = PBXBuildFile; fileRef = 5254A0712656DF3F00004A1C /* SnackTableViewCell.swift */; };
		52ED7FFC2656D5920035DA1D /* AppDelegate.swift in Sources */ = {isa = PBXBuildFile; fileRef = 52ED7FFB2656D5920035DA1D /* AppDelegate.swift */; };
		52ED7FFE2656D5920035DA1D /* SceneDelegate.swift in Sources */ = {isa = PBXBuildFile; fileRef = 52ED7FFD2656D5920035DA1D /* SceneDelegate.swift */; };
		52ED80002656D5920035DA1D /* ViewController.swift in Sources */ = {isa = PBXBuildFile; fileRef = 52ED7FFF2656D5920035DA1D /* ViewController.swift */; };
		52ED80062656D5920035DA1D /* SnacksAnimation.xcdatamodeld in Sources */ = {isa = PBXBuildFile; fileRef = 52ED80042656D5920035DA1D /* SnacksAnimation.xcdatamodeld */; };
		52ED80082656D5960035DA1D /* Assets.xcassets in Resources */ = {isa = PBXBuildFile; fileRef = 52ED80072656D5960035DA1D /* Assets.xcassets */; };
		52ED800B2656D5960035DA1D /* LaunchScreen.storyboard in Resources */ = {isa = PBXBuildFile; fileRef = 52ED80092656D5960035DA1D /* LaunchScreen.storyboard */; };
/* End PBXBuildFile section */

/* Begin PBXFileReference section */
		5254A0712656DF3F00004A1C /* SnackTableViewCell.swift */ = {isa = PBXFileReference; fileEncoding = 4; lastKnownFileType = sourcecode.swift; path = SnackTableViewCell.swift; sourceTree = "<group>"; };
		52ED7FF82656D5920035DA1D /* SnacksAnimation.app */ = {isa = PBXFileReference; explicitFileType = wrapper.application; includeInIndex = 0; path = SnacksAnimation.app; sourceTree = BUILT_PRODUCTS_DIR; };
		52ED7FFB2656D5920035DA1D /* AppDelegate.swift */ = {isa = PBXFileReference; lastKnownFileType = sourcecode.swift; path = AppDelegate.swift; sourceTree = "<group>"; };
		52ED7FFD2656D5920035DA1D /* SceneDelegate.swift */ = {isa = PBXFileReference; lastKnownFileType = sourcecode.swift; path = SceneDelegate.swift; sourceTree = "<group>"; };
		52ED7FFF2656D5920035DA1D /* ViewController.swift */ = {isa = PBXFileReference; lastKnownFileType = sourcecode.swift; path = ViewController.swift; sourceTree = "<group>"; };
		52ED80052656D5920035DA1D /* SnacksAnimation.xcdatamodel */ = {isa = PBXFileReference; lastKnownFileType = wrapper.xcdatamodel; path = SnacksAnimation.xcdatamodel; sourceTree = "<group>"; };
		52ED80072656D5960035DA1D /* Assets.xcassets */ = {isa = PBXFileReference; lastKnownFileType = folder.assetcatalog; path = Assets.xcassets; sourceTree = "<group>"; };
		52ED800A2656D5960035DA1D /* Base */ = {isa = PBXFileReference; lastKnownFileType = file.storyboard; name = Base; path = Base.lproj/LaunchScreen.storyboard; sourceTree = "<group>"; };
		52ED800C2656D5960035DA1D /* Info.plist */ = {isa = PBXFileReference; lastKnownFileType = text.plist.xml; path = Info.plist; sourceTree = "<group>"; };
/* End PBXFileReference section */

/* Begin PBXFrameworksBuildPhase section */
		52ED7FF52656D5920035DA1D /* Frameworks */ = {
			isa = PBXFrameworksBuildPhase;
			buildActionMask = 2147483647;
			files = (
			);
			runOnlyForDeploymentPostprocessing = 0;
		};
/* End PBXFrameworksBuildPhase section */

/* Begin PBXGroup section */
		52ED7FEF2656D5920035DA1D = {
			isa = PBXGroup;
			children = (
				52ED7FFA2656D5920035DA1D /* SnacksAnimation */,
				52ED7FF92656D5920035DA1D /* Products */,
			);
			sourceTree = "<group>";
		};
		52ED7FF92656D5920035DA1D /* Products */ = {
			isa = PBXGroup;
			children = (
				52ED7FF82656D5920035DA1D /* SnacksAnimation.app */,
			);
			name = Products;
			sourceTree = "<group>";
		};
		52ED7FFA2656D5920035DA1D /* SnacksAnimation */ = {
			isa = PBXGroup;
			children = (
				52ED7FFB2656D5920035DA1D /* AppDelegate.swift */,
				52ED7FFD2656D5920035DA1D /* SceneDelegate.swift */,
				5254A0712656DF3F00004A1C /* SnackTableViewCell.swift */,
				52ED7FFF2656D5920035DA1D /* ViewController.swift */,
				52ED80072656D5960035DA1D /* Assets.xcassets */,
				52ED80092656D5960035DA1D /* LaunchScreen.storyboard */,
				52ED800C2656D5960035DA1D /* Info.plist */,
				52ED80042656D5920035DA1D /* SnacksAnimation.xcdatamodeld */,
			);
			path = SnacksAnimation;
			sourceTree = "<group>";
		};
/* End PBXGroup section */

/* Begin PBXNativeTarget section */
		52ED7FF72656D5920035DA1D /* SnacksAnimation */ = {
			isa = PBXNativeTarget;
			buildConfigurationList = 52ED800F2656D5960035DA1D /* Build configuration list for PBXNativeTarget "SnacksAnimation" */;
			buildPhases = (
				52ED7FF42656D5920035DA1D /* Sources */,
				52ED7FF52656D5920035DA1D /* Frameworks */,
				52ED7FF62656D5920035DA1D /* Resources */,
			);
			buildRules = (
			);
			dependencies = (
			);
			name = SnacksAnimation;
			productName = SnacksAnimation;
			productReference = 52ED7FF82656D5920035DA1D /* SnacksAnimation.app */;
			productType = "com.apple.product-type.application";
		};
/* End PBXNativeTarget section */

/* Begin PBXProject section */
		52ED7FF02656D5920035DA1D /* Project object */ = {
			isa = PBXProject;
			attributes = {
				LastSwiftUpdateCheck = 1240;
				LastUpgradeCheck = 1240;
				TargetAttributes = {
					52ED7FF72656D5920035DA1D = {
						CreatedOnToolsVersion = 12.4;
					};
				};
			};
			buildConfigurationList = 52ED7FF32656D5920035DA1D /* Build configuration list for PBXProject "SnacksAnimation" */;
			compatibilityVersion = "Xcode 9.3";
			developmentRegion = en;
			hasScannedForEncodings = 0;
			knownRegions = (
				en,
				Base,
			);
			mainGroup = 52ED7FEF2656D5920035DA1D;
			productRefGroup = 52ED7FF92656D5920035DA1D /* Products */;
			projectDirPath = "";
			projectRoot = "";
			targets = (
				52ED7FF72656D5920035DA1D /* SnacksAnimation */,
			);
		};
/* End PBXProject section */

/* Begin PBXResourcesBuildPhase section */
		52ED7FF62656D5920035DA1D /* Resources */ = {
			isa = PBXResourcesBuildPhase;
			buildActionMask = 2147483647;
			files = (
				52ED800B2656D5960035DA1D /* LaunchScreen.storyboard in Resources */,
				52ED80082656D5960035DA1D /* Assets.xcassets in Resources */,
			);
			runOnlyForDeploymentPostprocessing = 0;
		};
/* End PBXResourcesBuildPhase section */

/* Begin PBXSourcesBuildPhase section */
		52ED7FF42656D5920035DA1D /* Sources */ = {
			isa = PBXSourcesBuildPhase;
			buildActionMask = 2147483647;
			files = (
				5254A0722656DF3F00004A1C /* SnackTableViewCell.swift in Sources */,
				52ED80002656D5920035DA1D /* ViewController.swift in Sources */,
				52ED7FFC2656D5920035DA1D /* AppDelegate.swift in Sources */,
				52ED7FFE2656D5920035DA1D /* SceneDelegate.swift in Sources */,
				52ED80062656D5920035DA1D /* SnacksAnimation.xcdatamodeld in Sources */,
			);
			runOnlyForDeploymentPostprocessing = 0;
		};
/* End PBXSourcesBuildPhase section */

/* Begin PBXVariantGroup section */
		52ED80092656D5960035DA1D /* LaunchScreen.storyboard */ = {
			isa = PBXVariantGroup;
			children = (
				52ED800A2656D5960035DA1D /* Base */,
			);
			name = LaunchScreen.storyboard;
			sourceTree = "<group>";
		};
/* End PBXVariantGroup section */

/* Begin XCBuildConfiguration section */
		52ED800D2656D5960035DA1D /* Debug */ = {
			isa = XCBuildConfiguration;
			buildSettings = {
				ALWAYS_SEARCH_USER_PATHS = NO;
				CLANG_ANALYZER_NONNULL = YES;
				CLANG_ANALYZER_NUMBER_OBJECT_CONVERSION = YES_AGGRESSIVE;
				CLANG_CXX_LANGUAGE_STANDARD = "gnu++14";
				CLANG_CXX_LIBRARY = "libc++";
				CLANG_ENABLE_MODULES = YES;
				CLANG_ENABLE_OBJC_ARC = YES;
				CLANG_ENABLE_OBJC_WEAK = YES;
				CLANG_WARN_BLOCK_CAPTURE_AUTORELEASING = YES;
				CLANG_WARN_BOOL_CONVERSION = YES;
				CLANG_WARN_COMMA = YES;
				CLANG_WARN_CONSTANT_CONVERSION = YES;
				CLANG_WARN_DEPRECATED_OBJC_IMPLEMENTATIONS = YES;
				CLANG_WARN_DIRECT_OBJC_ISA_USAGE = YES_ERROR;
				CLANG_WARN_DOCUMENTATION_COMMENTS = YES;
				CLANG_WARN_EMPTY_BODY = YES;
				CLANG_WARN_ENUM_CONVERSION = YES;
				CLANG_WARN_INFINITE_RECURSION = YES;
				CLANG_WARN_INT_CONVERSION = YES;
				CLANG_WARN_NON_LITERAL_NULL_CONVERSION = YES;
				CLANG_WARN_OBJC_IMPLICIT_RETAIN_SELF = YES;
				CLANG_WARN_OBJC_LITERAL_CONVERSION = YES;
				CLANG_WARN_OBJC_ROOT_CLASS = YES_ERROR;
				CLANG_WARN_QUOTED_INCLUDE_IN_FRAMEWORK_HEADER = YES;
				CLANG_WARN_RANGE_LOOP_ANALYSIS = YES;
				CLANG_WARN_STRICT_PROTOTYPES = YES;
				CLANG_WARN_SUSPICIOUS_MOVE = YES;
				CLANG_WARN_UNGUARDED_AVAILABILITY = YES_AGGRESSIVE;
				CLANG_WARN_UNREACHABLE_CODE = YES;
				CLANG_WARN__DUPLICATE_METHOD_MATCH = YES;
				COPY_PHASE_STRIP = NO;
				DEBUG_INFORMATION_FORMAT = dwarf;
				ENABLE_STRICT_OBJC_MSGSEND = YES;
				ENABLE_TESTABILITY = YES;
				GCC_C_LANGUAGE_STANDARD = gnu11;
				GCC_DYNAMIC_NO_PIC = NO;
				GCC_NO_COMMON_BLOCKS = YES;
				GCC_OPTIMIZATION_LEVEL = 0;
				GCC_PREPROCESSOR_DEFINITIONS = (
					"DEBUG=1",
					"$(inherited)",
				);
				GCC_WARN_64_TO_32_BIT_CONVERSION = YES;
				GCC_WARN_ABOUT_RETURN_TYPE = YES_ERROR;
				GCC_WARN_UNDECLARED_SELECTOR = YES;
				GCC_WARN_UNINITIALIZED_AUTOS = YES_AGGRESSIVE;
				GCC_WARN_UNUSED_FUNCTION = YES;
				GCC_WARN_UNUSED_VARIABLE = YES;
				IPHONEOS_DEPLOYMENT_TARGET = 14.4;
				MTL_ENABLE_DEBUG_INFO = INCLUDE_SOURCE;
				MTL_FAST_MATH = YES;
				ONLY_ACTIVE_ARCH = YES;
				SDKROOT = iphoneos;
				SWIFT_ACTIVE_COMPILATION_CONDITIONS = DEBUG;
				SWIFT_OPTIMIZATION_LEVEL = "-Onone";
			};
			name = Debug;
		};
		52ED800E2656D5960035DA1D /* Release */ = {
			isa = XCBuildConfiguration;
			buildSettings = {
				ALWAYS_SEARCH_USER_PATHS = NO;
				CLANG_ANALYZER_NONNULL = YES;
				CLANG_ANALYZER_NUMBER_OBJECT_CONVERSION = YES_AGGRESSIVE;
				CLANG_CXX_LANGUAGE_STANDARD = "gnu++14";
				CLANG_CXX_LIBRARY = "libc++";
				CLANG_ENABLE_MODULES = YES;
				CLANG_ENABLE_OBJC_ARC = YES;
				CLANG_ENABLE_OBJC_WEAK = YES;
				CLANG_WARN_BLOCK_CAPTURE_AUTORELEASING = YES;
				CLANG_WARN_BOOL_CONVERSION = YES;
				CLANG_WARN_COMMA = YES;
				CLANG_WARN_CONSTANT_CONVERSION = YES;
				CLANG_WARN_DEPRECATED_OBJC_IMPLEMENTATIONS = YES;
				CLANG_WARN_DIRECT_OBJC_ISA_USAGE = YES_ERROR;
				CLANG_WARN_DOCUMENTATION_COMMENTS = YES;
				CLANG_WARN_EMPTY_BODY = YES;
				CLANG_WARN_ENUM_CONVERSION = YES;
				CLANG_WARN_INFINITE_RECURSION = YES;
				CLANG_WARN_INT_CONVERSION = YES;
				CLANG_WARN_NON_LITERAL_NULL_CONVERSION = YES;
				CLANG_WARN_OBJC_IMPLICIT_RETAIN_SELF = YES;
				CLANG_WARN_OBJC_LITERAL_CONVERSION = YES;
				CLANG_WARN_OBJC_ROOT_CLASS = YES_ERROR;
				CLANG_WARN_QUOTED_INCLUDE_IN_FRAMEWORK_HEADER = YES;
				CLANG_WARN_RANGE_LOOP_ANALYSIS = YES;
				CLANG_WARN_STRICT_PROTOTYPES = YES;
				CLANG_WARN_SUSPICIOUS_MOVE = YES;
				CLANG_WARN_UNGUARDED_AVAILABILITY = YES_AGGRESSIVE;
				CLANG_WARN_UNREACHABLE_CODE = YES;
				CLANG_WARN__DUPLICATE_METHOD_MATCH = YES;
				COPY_PHASE_STRIP = NO;
				DEBUG_INFORMATION_FORMAT = "dwarf-with-dsym";
				ENABLE_NS_ASSERTIONS = NO;
				ENABLE_STRICT_OBJC_MSGSEND = YES;
				GCC_C_LANGUAGE_STANDARD = gnu11;
				GCC_NO_COMMON_BLOCKS = YES;
				GCC_WARN_64_TO_32_BIT_CONVERSION = YES;
				GCC_WARN_ABOUT_RETURN_TYPE = YES_ERROR;
				GCC_WARN_UNDECLARED_SELECTOR = YES;
				GCC_WARN_UNINITIALIZED_AUTOS = YES_AGGRESSIVE;
				GCC_WARN_UNUSED_FUNCTION = YES;
				GCC_WARN_UNUSED_VARIABLE = YES;
				IPHONEOS_DEPLOYMENT_TARGET = 14.4;
				MTL_ENABLE_DEBUG_INFO = NO;
				MTL_FAST_MATH = YES;
				SDKROOT = iphoneos;
				SWIFT_COMPILATION_MODE = wholemodule;
				SWIFT_OPTIMIZATION_LEVEL = "-O";
				VALIDATE_PRODUCT = YES;
			};
			name = Release;
		};
		52ED80102656D5960035DA1D /* Debug */ = {
			isa = XCBuildConfiguration;
			buildSettings = {
				ASSETCATALOG_COMPILER_APPICON_NAME = AppIcon;
				ASSETCATALOG_COMPILER_GLOBAL_ACCENT_COLOR_NAME = AccentColor;
				CODE_SIGN_STYLE = Automatic;
				DEVELOPMENT_TEAM = AYHFX5HL8Z;
				INFOPLIST_FILE = SnacksAnimation/Info.plist;
				LD_RUNPATH_SEARCH_PATHS = (
					"$(inherited)",
					"@executable_path/Frameworks",
				);
				PRODUCT_BUNDLE_IDENTIFIER = com.giljetomo.SnacksAnimation;
				PRODUCT_NAME = "$(TARGET_NAME)";
				SWIFT_VERSION = 5.0;
				TARGETED_DEVICE_FAMILY = "1,2";
			};
			name = Debug;
		};
		52ED80112656D5960035DA1D /* Release */ = {
			isa = XCBuildConfiguration;
			buildSettings = {
				ASSETCATALOG_COMPILER_APPICON_NAME = AppIcon;
				ASSETCATALOG_COMPILER_GLOBAL_ACCENT_COLOR_NAME = AccentColor;
				CODE_SIGN_STYLE = Automatic;
				DEVELOPMENT_TEAM = AYHFX5HL8Z;
				INFOPLIST_FILE = SnacksAnimation/Info.plist;
				LD_RUNPATH_SEARCH_PATHS = (
					"$(inherited)",
					"@executable_path/Frameworks",
				);
				PRODUCT_BUNDLE_IDENTIFIER = com.giljetomo.SnacksAnimation;
				PRODUCT_NAME = "$(TARGET_NAME)";
				SWIFT_VERSION = 5.0;
				TARGETED_DEVICE_FAMILY = "1,2";
			};
			name = Release;
		};
/* End XCBuildConfiguration section */

/* Begin XCConfigurationList section */
		52ED7FF32656D5920035DA1D /* Build configuration list for PBXProject "SnacksAnimation" */ = {
			isa = XCConfigurationList;
			buildConfigurations = (
				52ED800D2656D5960035DA1D /* Debug */,
				52ED800E2656D5960035DA1D /* Release */,
			);
			defaultConfigurationIsVisible = 0;
			defaultConfigurationName = Release;
		};
		52ED800F2656D5960035DA1D /* Build configuration list for PBXNativeTarget "SnacksAnimation" */ = {
			isa = XCConfigurationList;
			buildConfigurations = (
				52ED80102656D5960035DA1D /* Debug */,
				52ED80112656D5960035DA1D /* Release */,
			);
			defaultConfigurationIsVisible = 0;
			defaultConfigurationName = Release;
		};
/* End XCConfigurationList section */

/* Begin XCVersionGroup section */
		52ED80042656D5920035DA1D /* SnacksAnimation.xcdatamodeld */ = {
			isa = XCVersionGroup;
			children = (
				52ED80052656D5920035DA1D /* SnacksAnimation.xcdatamodel */,
			);
			currentVersion = 52ED80052656D5920035DA1D /* SnacksAnimation.xcdatamodel */;
			path = SnacksAnimation.xcdatamodeld;
			sourceTree = "<group>";
			versionGroupType = wrapper.xcdatamodel;
		};
/* End XCVersionGroup section */
	};
	rootObject = 52ED7FF02656D5920035DA1D /* Project object */;
}
